
Microsoft Visual Studio Solution File, Format Version 12.00
# Visual Studio Version 16
VisualStudioVersion = 16.0.28803.352
MinimumVisualStudioVersion = 10.0.40219.1
Project("{FAE04EC0-301F-11D3-BF4B-00C04F79EFBC}") = "Careful-Clock Admin", "Careful-Clock\Careful-Clock Admin.csproj", "{AFEBAE52-04B7-432D-8496-531A48C31169}"
EndProject
Project("{FAE04EC0-301F-11D3-BF4B-00C04F79EFBC}") = "Careful-Clock User", "Careful-Clock User\Careful-Clock User.csproj", "{8D5D471B-0E96-4861-9A51-A0BBAA7030A9}"
EndProject
Project("{FAE04EC0-301F-11D3-BF4B-00C04F79EFBC}") = "Edit-Schedule", "Edit-Schedule\Edit-Schedule.csproj", "{2077050D-0F41-46CE-B359-0FB65399811F}"
EndProject
Global
	GlobalSection(SolutionConfigurationPlatforms) = preSolution
		Debug|Any CPU = Debug|Any CPU
		Release|Any CPU = Release|Any CPU
	EndGlobalSection
	GlobalSection(ProjectConfigurationPlatforms) = postSolution
		{AFEBAE52-04B7-432D-8496-531A48C31169}.Debug|Any CPU.ActiveCfg = Debug|Any CPU
		{AFEBAE52-04B7-432D-8496-531A48C31169}.Debug|Any CPU.Build.0 = Debug|Any CPU
		{AFEBAE52-04B7-432D-8496-531A48C31169}.Release|Any CPU.ActiveCfg = Release|Any CPU
		{AFEBAE52-04B7-432D-8496-531A48C31169}.Release|Any CPU.Build.0 = Release|Any CPU
		{8D5D471B-0E96-4861-9A51-A0BBAA7030A9}.Debug|Any CPU.ActiveCfg = Debug|Any CPU
		{8D5D471B-0E96-4861-9A51-A0BBAA7030A9}.Debug|Any CPU.Build.0 = Debug|Any CPU
		{8D5D471B-0E96-4861-9A51-A0BBAA7030A9}.Release|Any CPU.ActiveCfg = Release|Any CPU
		{8D5D471B-0E96-4861-9A51-A0BBAA7030A9}.Release|Any CPU.Build.0 = Release|Any CPU
		{2077050D-0F41-46CE-B359-0FB65399811F}.Debug|Any CPU.ActiveCfg = Debug|Any CPU
		{2077050D-0F41-46CE-B359-0FB65399811F}.Debug|Any CPU.Build.0 = Debug|Any CPU
		{2077050D-0F41-46CE-B359-0FB65399811F}.Release|Any CPU.ActiveCfg = Release|Any CPU
		{2077050D-0F41-46CE-B359-0FB65399811F}.Release|Any CPU.Build.0 = Release|Any CPU
	EndGlobalSection
	GlobalSection(SolutionProperties) = preSolution
		HideSolutionNode = FALSE
	EndGlobalSection
	GlobalSection(ExtensibilityGlobals) = postSolution
		SolutionGuid = {06E63C0D-9270-4130-A384-9D1ECFFFEBB6}
	EndGlobalSection
EndGlobal
